
Microsoft Visual Studio Solution File, Format Version 12.00
# Visual Studio Version 17
VisualStudioVersion = 17.13.35931.197 d17.13
MinimumVisualStudioVersion = 10.0.40219.1
Project("{FAE04EC0-301F-11D3-BF4B-00C04F79EFBC}") = "AzureOpenAIChatAgent", "AzureOpenAIChatAgent.csproj", "{956725C2-5A49-A099-FFCB-152142D84EFE}"
EndProject
Global
	GlobalSection(SolutionConfigurationPlatforms) = preSolution
		Debug|Any CPU = Debug|Any CPU
		Release|Any CPU = Release|Any CPU
	EndGlobalSection
	GlobalSection(ProjectConfigurationPlatforms) = postSolution
		{956725C2-5A49-A099-FFCB-152142D84EFE}.Debug|Any CPU.ActiveCfg = Debug|Any CPU
		{956725C2-5A49-A099-FFCB-152142D84EFE}.Debug|Any CPU.Build.0 = Debug|Any CPU
		{956725C2-5A49-A099-FFCB-152142D84EFE}.Release|Any CPU.ActiveCfg = Release|Any CPU
		{956725C2-5A49-A099-FFCB-152142D84EFE}.Release|Any CPU.Build.0 = Release|Any CPU
	EndGlobalSection
	GlobalSection(SolutionProperties) = preSolution
		HideSolutionNode = FALSE
	EndGlobalSection
	GlobalSection(ExtensibilityGlobals) = postSolution
		SolutionGuid = {309B1AE8-AC43-4C5C-8BCB-0F2BE4F56A99}
	EndGlobalSection
EndGlobal
